
Microsoft Visual Studio Solution File, Format Version 12.00
# Visual Studio Version 17
VisualStudioVersion = 17.3.32901.215
MinimumVisualStudioVersion = 10.0.40219.1
Project("{9A19103F-16F7-4668-BE54-9A1E7A4F7556}") = "SR.Propertynator.Model", "SR.Propertynator.Model\SR.Propertynator.Model.csproj", "{7F3FDB15-40DF-4D0C-B823-62C4E7C64543}"
EndProject
Project("{FAE04EC0-301F-11D3-BF4B-00C04F79EFBC}") = "SR.Propertynator.Model.Tests", "SR.Propertynator.Model.Tests\SR.Propertynator.Model.Tests.csproj", "{31CD8199-87FF-49C7-9684-271156491E6D}"
EndProject
Global
	GlobalSection(SolutionConfigurationPlatforms) = preSolution
		Debug|Any CPU = Debug|Any CPU
		Release|Any CPU = Release|Any CPU
	EndGlobalSection
	GlobalSection(ProjectConfigurationPlatforms) = postSolution
		{7F3FDB15-40DF-4D0C-B823-62C4E7C64543}.Debug|Any CPU.ActiveCfg = Debug|Any CPU
		{7F3FDB15-40DF-4D0C-B823-62C4E7C64543}.Debug|Any CPU.Build.0 = Debug|Any CPU
		{7F3FDB15-40DF-4D0C-B823-62C4E7C64543}.Release|Any CPU.ActiveCfg = Release|Any CPU
		{7F3FDB15-40DF-4D0C-B823-62C4E7C64543}.Release|Any CPU.Build.0 = Release|Any CPU
		{31CD8199-87FF-49C7-9684-271156491E6D}.Debug|Any CPU.ActiveCfg = Debug|Any CPU
		{31CD8199-87FF-49C7-9684-271156491E6D}.Debug|Any CPU.Build.0 = Debug|Any CPU
		{31CD8199-87FF-49C7-9684-271156491E6D}.Release|Any CPU.ActiveCfg = Release|Any CPU
		{31CD8199-87FF-49C7-9684-271156491E6D}.Release|Any CPU.Build.0 = Release|Any CPU
	EndGlobalSection
	GlobalSection(SolutionProperties) = preSolution
		HideSolutionNode = FALSE
	EndGlobalSection
	GlobalSection(ExtensibilityGlobals) = postSolution
		SolutionGuid = {BDB4CC38-50CD-4F49-AEA2-2FA206545023}
	EndGlobalSection
EndGlobal
